
Microsoft Visual Studio Solution File, Format Version 12.00
# Visual Studio Version 16
VisualStudioVersion = 16.0.28729.10
MinimumVisualStudioVersion = 10.0.40219.1
Project("{2150E333-8FDC-42A3-9474-1A3956D46DE8}") = "src", "src", "{EAC70EFC-572F-43BA-8344-97769E9D1C48}"
EndProject
Project("{2150E333-8FDC-42A3-9474-1A3956D46DE8}") = "tests", "tests", "{A15861DD-6ACD-42C2-92D9-68C8985473EF}"
EndProject
Project("{FAE04EC0-301F-11D3-BF4B-00C04F79EFBC}") = "DesktopAppTemplate.Core", "src\DesktopAppTemplate.Core\DesktopAppTemplate.Core.csproj", "{84B035BE-2E6B-464F-BF4C-EFD7F2A59842}"
EndProject
Project("{FAE04EC0-301F-11D3-BF4B-00C04F79EFBC}") = "DesktopAppTemplate.Features", "src\DesktopAppTemplate.Features\DesktopAppTemplate.Features.csproj", "{3BB1707D-1E83-4B2F-B224-6995ACD54132}"
EndProject
Project("{FAE04EC0-301F-11D3-BF4B-00C04F79EFBC}") = "DesktopAppTemplate.Infrastructure", "src\DesktopAppTemplate.Infrastructure\DesktopAppTemplate.Infrastructure.csproj", "{F015B6A6-9EFE-4034-9CEC-73A54BBA6490}"
EndProject
Project("{FAE04EC0-301F-11D3-BF4B-00C04F79EFBC}") = "DesktopAppTemplate.UI.WinForms", "src\DesktopAppTemplate.UI.WinForms\DesktopAppTemplate.UI.WinForms.csproj", "{636811F1-671B-437C-B905-A1099649DFA7}"
EndProject
Project("{FAE04EC0-301F-11D3-BF4B-00C04F79EFBC}") = "DesktopAppTemplate.UI.Wpf", "src\DesktopAppTemplate.UI.Wpf\DesktopAppTemplate.UI.Wpf.csproj", "{C397DDEE-0AD5-461F-B239-F897B5CDCEE5}"
EndProject
Project("{FAE04EC0-301F-11D3-BF4B-00C04F79EFBC}") = "DesktopAppTemplate.Host", "src\DesktopAppTemplate.Host\DesktopAppTemplate.Host.csproj", "{E2CF655E-7D8F-4630-909B-5E4856DC7372}"
EndProject
Project("{FAE04EC0-301F-11D3-BF4B-00C04F79EFBC}") = "DesktopAppTemplate.Tests", "tests\DesktopAppTemplate.Tests\DesktopAppTemplate.Tests.csproj", "{7EC35A2F-C469-443C-921C-27CD956D3A42}"
EndProject
Project("{FAE04EC0-301F-11D3-BF4B-00C04F79EFBC}") = "DesktopAppTemplate.Data", "src\DesktopAppTemplate.Data\DesktopAppTemplate.Data.csproj", "{DE868AF3-9FC0-4E52-9EE5-9CF248970410}"
EndProject
Project("{FAE04EC0-301F-11D3-BF4B-00C04F79EFBC}") = "DesktopAppTemplate.Data.Dal", "src\DesktopAppTemplate.Data.Dal\DesktopAppTemplate.Data.Dal.csproj", "{21305B3F-321B-4E27-BE0E-D41C02EDAB84}"
EndProject
Project("{FAE04EC0-301F-11D3-BF4B-00C04F79EFBC}") = "DesktopAppTemplate.Logging", "src\DesktopAppTemplate.Logging\DesktopAppTemplate.Logging.csproj", "{73E5B00D-45A7-4B1E-B2C3-BBD8CE959442}"
EndProject
Global
	GlobalSection(SolutionConfigurationPlatforms) = preSolution
		Debug|Any CPU = Debug|Any CPU
		Release|Any CPU = Release|Any CPU
	EndGlobalSection
	GlobalSection(ProjectConfigurationPlatforms) = postSolution
		{84B035BE-2E6B-464F-BF4C-EFD7F2A59842}.Debug|Any CPU.ActiveCfg = Debug|Any CPU
		{84B035BE-2E6B-464F-BF4C-EFD7F2A59842}.Debug|Any CPU.Build.0 = Debug|Any CPU
		{84B035BE-2E6B-464F-BF4C-EFD7F2A59842}.Release|Any CPU.ActiveCfg = Release|Any CPU
		{84B035BE-2E6B-464F-BF4C-EFD7F2A59842}.Release|Any CPU.Build.0 = Release|Any CPU
		{3BB1707D-1E83-4B2F-B224-6995ACD54132}.Debug|Any CPU.ActiveCfg = Debug|Any CPU
		{3BB1707D-1E83-4B2F-B224-6995ACD54132}.Debug|Any CPU.Build.0 = Debug|Any CPU
		{3BB1707D-1E83-4B2F-B224-6995ACD54132}.Release|Any CPU.ActiveCfg = Release|Any CPU
		{3BB1707D-1E83-4B2F-B224-6995ACD54132}.Release|Any CPU.Build.0 = Release|Any CPU
		{F015B6A6-9EFE-4034-9CEC-73A54BBA6490}.Debug|Any CPU.ActiveCfg = Debug|Any CPU
		{F015B6A6-9EFE-4034-9CEC-73A54BBA6490}.Debug|Any CPU.Build.0 = Debug|Any CPU
		{F015B6A6-9EFE-4034-9CEC-73A54BBA6490}.Release|Any CPU.ActiveCfg = Release|Any CPU
		{F015B6A6-9EFE-4034-9CEC-73A54BBA6490}.Release|Any CPU.Build.0 = Release|Any CPU
		{636811F1-671B-437C-B905-A1099649DFA7}.Debug|Any CPU.ActiveCfg = Debug|Any CPU
		{636811F1-671B-437C-B905-A1099649DFA7}.Debug|Any CPU.Build.0 = Debug|Any CPU
		{636811F1-671B-437C-B905-A1099649DFA7}.Release|Any CPU.ActiveCfg = Release|Any CPU
		{636811F1-671B-437C-B905-A1099649DFA7}.Release|Any CPU.Build.0 = Release|Any CPU
		{C397DDEE-0AD5-461F-B239-F897B5CDCEE5}.Debug|Any CPU.ActiveCfg = Debug|Any CPU
		{C397DDEE-0AD5-461F-B239-F897B5CDCEE5}.Debug|Any CPU.Build.0 = Debug|Any CPU
		{C397DDEE-0AD5-461F-B239-F897B5CDCEE5}.Release|Any CPU.ActiveCfg = Release|Any CPU
		{C397DDEE-0AD5-461F-B239-F897B5CDCEE5}.Release|Any CPU.Build.0 = Release|Any CPU
		{E2CF655E-7D8F-4630-909B-5E4856DC7372}.Debug|Any CPU.ActiveCfg = Debug|Any CPU
		{E2CF655E-7D8F-4630-909B-5E4856DC7372}.Debug|Any CPU.Build.0 = Debug|Any CPU
		{E2CF655E-7D8F-4630-909B-5E4856DC7372}.Release|Any CPU.ActiveCfg = Release|Any CPU
		{E2CF655E-7D8F-4630-909B-5E4856DC7372}.Release|Any CPU.Build.0 = Release|Any CPU
		{7EC35A2F-C469-443C-921C-27CD956D3A42}.Debug|Any CPU.ActiveCfg = Debug|Any CPU
		{7EC35A2F-C469-443C-921C-27CD956D3A42}.Debug|Any CPU.Build.0 = Debug|Any CPU
		{7EC35A2F-C469-443C-921C-27CD956D3A42}.Release|Any CPU.ActiveCfg = Release|Any CPU
		{7EC35A2F-C469-443C-921C-27CD956D3A42}.Release|Any CPU.Build.0 = Release|Any CPU
		{DE868AF3-9FC0-4E52-9EE5-9CF248970410}.Debug|Any CPU.ActiveCfg = Debug|Any CPU
		{DE868AF3-9FC0-4E52-9EE5-9CF248970410}.Debug|Any CPU.Build.0 = Debug|Any CPU
		{DE868AF3-9FC0-4E52-9EE5-9CF248970410}.Release|Any CPU.ActiveCfg = Release|Any CPU
		{DE868AF3-9FC0-4E52-9EE5-9CF248970410}.Release|Any CPU.Build.0 = Release|Any CPU
		{21305B3F-321B-4E27-BE0E-D41C02EDAB84}.Debug|Any CPU.ActiveCfg = Debug|Any CPU
		{21305B3F-321B-4E27-BE0E-D41C02EDAB84}.Debug|Any CPU.Build.0 = Debug|Any CPU
		{21305B3F-321B-4E27-BE0E-D41C02EDAB84}.Release|Any CPU.ActiveCfg = Release|Any CPU
		{21305B3F-321B-4E27-BE0E-D41C02EDAB84}.Release|Any CPU.Build.0 = Release|Any CPU
		{73E5B00D-45A7-4B1E-B2C3-BBD8CE959442}.Debug|Any CPU.ActiveCfg = Debug|Any CPU
		{73E5B00D-45A7-4B1E-B2C3-BBD8CE959442}.Debug|Any CPU.Build.0 = Debug|Any CPU
		{73E5B00D-45A7-4B1E-B2C3-BBD8CE959442}.Release|Any CPU.ActiveCfg = Release|Any CPU
		{73E5B00D-45A7-4B1E-B2C3-BBD8CE959442}.Release|Any CPU.Build.0 = Release|Any CPU
	EndGlobalSection
	GlobalSection(SolutionProperties) = preSolution
		HideSolutionNode = FALSE
	EndGlobalSection
	GlobalSection(NestedProjects) = preSolution
		{84B035BE-2E6B-464F-BF4C-EFD7F2A59842} = {EAC70EFC-572F-43BA-8344-97769E9D1C48}
		{3BB1707D-1E83-4B2F-B224-6995ACD54132} = {EAC70EFC-572F-43BA-8344-97769E9D1C48}
		{F015B6A6-9EFE-4034-9CEC-73A54BBA6490} = {EAC70EFC-572F-43BA-8344-97769E9D1C48}
		{636811F1-671B-437C-B905-A1099649DFA7} = {EAC70EFC-572F-43BA-8344-97769E9D1C48}
		{C397DDEE-0AD5-461F-B239-F897B5CDCEE5} = {EAC70EFC-572F-43BA-8344-97769E9D1C48}
		{E2CF655E-7D8F-4630-909B-5E4856DC7372} = {EAC70EFC-572F-43BA-8344-97769E9D1C48}
		{7EC35A2F-C469-443C-921C-27CD956D3A42} = {A15861DD-6ACD-42C2-92D9-68C8985473EF}
		{DE868AF3-9FC0-4E52-9EE5-9CF248970410} = {EAC70EFC-572F-43BA-8344-97769E9D1C48}
		{21305B3F-321B-4E27-BE0E-D41C02EDAB84} = {EAC70EFC-572F-43BA-8344-97769E9D1C48}
		{73E5B00D-45A7-4B1E-B2C3-BBD8CE959442} = {EAC70EFC-572F-43BA-8344-97769E9D1C48}
	EndGlobalSection
EndGlobal
