
Microsoft Visual Studio Solution File, Format Version 12.00
# Visual Studio Version 17
VisualStudioVersion = 17.0.31903.59
MinimumVisualStudioVersion = 10.0.40219.1
Project("{2150E333-8FDC-42A3-9474-1A3956D46DE8}") = "src", "src", "{5FEF7E8D-04FC-4489-845D-52BB87529BB6}"
EndProject
Project("{FAE04EC0-301F-11D3-BF4B-00C04F79EFBC}") = "PasswordGen.Core", "src\PasswordGen.Core\PasswordGen.Core.csproj", "{5E794E08-19DD-47AF-A9E9-3C88E48D25B6}"
EndProject
Project("{2150E333-8FDC-42A3-9474-1A3956D46DE8}") = "tests", "tests", "{87CC41EB-FC0C-4398-9A0D-73FF5AA0FE84}"
EndProject
Project("{FAE04EC0-301F-11D3-BF4B-00C04F79EFBC}") = "PasswordGen.Core.Tests", "tests\PasswordGen.Core.Tests\PasswordGen.Core.Tests.csproj", "{8CB9D363-DECE-4988-9346-6DF4597762EE}"
EndProject
Project("{FAE04EC0-301F-11D3-BF4B-00C04F79EFBC}") = "PasswordGen", "src\PasswordGen\PasswordGen.csproj", "{200813DF-F14C-40A2-BF53-B6576079CE15}"
EndProject
Project("{FAE04EC0-301F-11D3-BF4B-00C04F79EFBC}") = "PasswordGen.App.Tests", "tests\PasswordGen.App.Tests\PasswordGen.App.Tests.csproj", "{3B1F6C52-7A04-4E8D-9C21-5D6E0A7B4F13}"
EndProject
Global
	GlobalSection(SolutionConfigurationPlatforms) = preSolution
		Debug|Any CPU = Debug|Any CPU
		Release|Any CPU = Release|Any CPU
	EndGlobalSection
	GlobalSection(SolutionProperties) = preSolution
		HideSolutionNode = FALSE
	EndGlobalSection
	GlobalSection(ProjectConfigurationPlatforms) = postSolution
		{5E794E08-19DD-47AF-A9E9-3C88E48D25B6}.Debug|Any CPU.ActiveCfg = Debug|Any CPU
		{5E794E08-19DD-47AF-A9E9-3C88E48D25B6}.Debug|Any CPU.Build.0 = Debug|Any CPU
		{5E794E08-19DD-47AF-A9E9-3C88E48D25B6}.Release|Any CPU.ActiveCfg = Release|Any CPU
		{5E794E08-19DD-47AF-A9E9-3C88E48D25B6}.Release|Any CPU.Build.0 = Release|Any CPU
		{8CB9D363-DECE-4988-9346-6DF4597762EE}.Debug|Any CPU.ActiveCfg = Debug|Any CPU
		{8CB9D363-DECE-4988-9346-6DF4597762EE}.Debug|Any CPU.Build.0 = Debug|Any CPU
		{8CB9D363-DECE-4988-9346-6DF4597762EE}.Release|Any CPU.ActiveCfg = Release|Any CPU
		{8CB9D363-DECE-4988-9346-6DF4597762EE}.Release|Any CPU.Build.0 = Release|Any CPU
		{200813DF-F14C-40A2-BF53-B6576079CE15}.Debug|Any CPU.ActiveCfg = Debug|Any CPU
		{200813DF-F14C-40A2-BF53-B6576079CE15}.Debug|Any CPU.Build.0 = Debug|Any CPU
		{200813DF-F14C-40A2-BF53-B6576079CE15}.Release|Any CPU.ActiveCfg = Release|Any CPU
		{200813DF-F14C-40A2-BF53-B6576079CE15}.Release|Any CPU.Build.0 = Release|Any CPU
		{3B1F6C52-7A04-4E8D-9C21-5D6E0A7B4F13}.Debug|Any CPU.ActiveCfg = Debug|Any CPU
		{3B1F6C52-7A04-4E8D-9C21-5D6E0A7B4F13}.Debug|Any CPU.Build.0 = Debug|Any CPU
		{3B1F6C52-7A04-4E8D-9C21-5D6E0A7B4F13}.Release|Any CPU.ActiveCfg = Release|Any CPU
		{3B1F6C52-7A04-4E8D-9C21-5D6E0A7B4F13}.Release|Any CPU.Build.0 = Release|Any CPU
	EndGlobalSection
	GlobalSection(NestedProjects) = preSolution
		{200813DF-F14C-40A2-BF53-B6576079CE15} = {5FEF7E8D-04FC-4489-845D-52BB87529BB6}
		{5E794E08-19DD-47AF-A9E9-3C88E48D25B6} = {5FEF7E8D-04FC-4489-845D-52BB87529BB6}
		{8CB9D363-DECE-4988-9346-6DF4597762EE} = {87CC41EB-FC0C-4398-9A0D-73FF5AA0FE84}
		{3B1F6C52-7A04-4E8D-9C21-5D6E0A7B4F13} = {87CC41EB-FC0C-4398-9A0D-73FF5AA0FE84}
	EndGlobalSection
EndGlobal
