
Microsoft Visual Studio Solution File, Format Version 12.00
# Visual Studio Version 17
VisualStudioVersion = 17.0.31903.59
MinimumVisualStudioVersion = 10.0.40219.1
Project("{2150E333-8FDC-42A3-9474-1A3956D46DE8}") = "src", "src", "{8A990063-B210-4AD0-B3EC-75F8F9893578}"
EndProject
Project("{FAE04EC0-301F-11D3-BF4B-00C04F79EFBC}") = "Catalog.Domain", "src\Catalog.Domain\Catalog.Domain.csproj", "{852C855B-EE6B-4A9D-88CE-AA11ADD660E2}"
EndProject
Project("{FAE04EC0-301F-11D3-BF4B-00C04F79EFBC}") = "Catalog.Application", "src\Catalog.Application\Catalog.Application.csproj", "{ED6E0A0A-9DA5-4496-B311-1C25EA1AC0EF}"
EndProject
Project("{FAE04EC0-301F-11D3-BF4B-00C04F79EFBC}") = "Catalog.Infrastructure", "src\Catalog.Infrastructure\Catalog.Infrastructure.csproj", "{0CC82FFE-97E1-431A-92DC-C636E5FCE3F4}"
EndProject
Project("{fae04ec0-301f-11d3-bf4b-00c04f79efbc}") = "Catalog.WebApi", "src\Catalog.WebApi\Catalog.WebApi.csproj", "{DDBD0AE4-2232-4706-9CF2-27378C17634C}"
EndProject
Project("{2150E333-8FDC-42A3-9474-1A3956D46DE8}") = "tests", "tests", "{2DA499A6-F160-421B-8DCC-82453F5143B0}"
EndProject
Project("{FAE04EC0-301F-11D3-BF4B-00C04F79EFBC}") = "Catalog.Application.Tests", "tests\Catalog.Application.Tests\Catalog.Application.Tests.csproj", "{448F1DC8-E3BD-46D6-AD71-2922FCC24EE9}"
EndProject
Project("{FAE04EC0-301F-11D3-BF4B-00C04F79EFBC}") = "Catalog.Domain.Tests", "tests\Catalog.Domain.Tests\Catalog.Domain.Tests.csproj", "{D710168C-26B5-4FB7-8D0A-269347C4D8FB}"
EndProject
Global
	GlobalSection(SolutionConfigurationPlatforms) = preSolution
		Debug|Any CPU = Debug|Any CPU
		Release|Any CPU = Release|Any CPU
	EndGlobalSection
	GlobalSection(SolutionProperties) = preSolution
		HideSolutionNode = FALSE
	EndGlobalSection
	GlobalSection(ProjectConfigurationPlatforms) = postSolution
		{852C855B-EE6B-4A9D-88CE-AA11ADD660E2}.Debug|Any CPU.ActiveCfg = Debug|Any CPU
		{852C855B-EE6B-4A9D-88CE-AA11ADD660E2}.Debug|Any CPU.Build.0 = Debug|Any CPU
		{852C855B-EE6B-4A9D-88CE-AA11ADD660E2}.Release|Any CPU.ActiveCfg = Release|Any CPU
		{852C855B-EE6B-4A9D-88CE-AA11ADD660E2}.Release|Any CPU.Build.0 = Release|Any CPU
		{ED6E0A0A-9DA5-4496-B311-1C25EA1AC0EF}.Debug|Any CPU.ActiveCfg = Debug|Any CPU
		{ED6E0A0A-9DA5-4496-B311-1C25EA1AC0EF}.Debug|Any CPU.Build.0 = Debug|Any CPU
		{ED6E0A0A-9DA5-4496-B311-1C25EA1AC0EF}.Release|Any CPU.ActiveCfg = Release|Any CPU
		{ED6E0A0A-9DA5-4496-B311-1C25EA1AC0EF}.Release|Any CPU.Build.0 = Release|Any CPU
		{0CC82FFE-97E1-431A-92DC-C636E5FCE3F4}.Debug|Any CPU.ActiveCfg = Debug|Any CPU
		{0CC82FFE-97E1-431A-92DC-C636E5FCE3F4}.Debug|Any CPU.Build.0 = Debug|Any CPU
		{0CC82FFE-97E1-431A-92DC-C636E5FCE3F4}.Release|Any CPU.ActiveCfg = Release|Any CPU
		{0CC82FFE-97E1-431A-92DC-C636E5FCE3F4}.Release|Any CPU.Build.0 = Release|Any CPU
		{DDBD0AE4-2232-4706-9CF2-27378C17634C}.Debug|Any CPU.ActiveCfg = Debug|Any CPU
		{DDBD0AE4-2232-4706-9CF2-27378C17634C}.Debug|Any CPU.Build.0 = Debug|Any CPU
		{DDBD0AE4-2232-4706-9CF2-27378C17634C}.Release|Any CPU.ActiveCfg = Release|Any CPU
		{DDBD0AE4-2232-4706-9CF2-27378C17634C}.Release|Any CPU.Build.0 = Release|Any CPU
		{448F1DC8-E3BD-46D6-AD71-2922FCC24EE9}.Debug|Any CPU.ActiveCfg = Debug|Any CPU
		{448F1DC8-E3BD-46D6-AD71-2922FCC24EE9}.Debug|Any CPU.Build.0 = Debug|Any CPU
		{448F1DC8-E3BD-46D6-AD71-2922FCC24EE9}.Release|Any CPU.ActiveCfg = Release|Any CPU
		{448F1DC8-E3BD-46D6-AD71-2922FCC24EE9}.Release|Any CPU.Build.0 = Release|Any CPU
		{D710168C-26B5-4FB7-8D0A-269347C4D8FB}.Debug|Any CPU.ActiveCfg = Debug|Any CPU
		{D710168C-26B5-4FB7-8D0A-269347C4D8FB}.Debug|Any CPU.Build.0 = Debug|Any CPU
		{D710168C-26B5-4FB7-8D0A-269347C4D8FB}.Release|Any CPU.ActiveCfg = Release|Any CPU
		{D710168C-26B5-4FB7-8D0A-269347C4D8FB}.Release|Any CPU.Build.0 = Release|Any CPU
	EndGlobalSection
	GlobalSection(NestedProjects) = preSolution
		{852C855B-EE6B-4A9D-88CE-AA11ADD660E2} = {8A990063-B210-4AD0-B3EC-75F8F9893578}
		{ED6E0A0A-9DA5-4496-B311-1C25EA1AC0EF} = {8A990063-B210-4AD0-B3EC-75F8F9893578}
		{0CC82FFE-97E1-431A-92DC-C636E5FCE3F4} = {8A990063-B210-4AD0-B3EC-75F8F9893578}
		{DDBD0AE4-2232-4706-9CF2-27378C17634C} = {8A990063-B210-4AD0-B3EC-75F8F9893578}
		{448F1DC8-E3BD-46D6-AD71-2922FCC24EE9} = {2DA499A6-F160-421B-8DCC-82453F5143B0}
		{D710168C-26B5-4FB7-8D0A-269347C4D8FB} = {2DA499A6-F160-421B-8DCC-82453F5143B0}
	EndGlobalSection
EndGlobal
